{
  "object": {
    "pins": [
      {
        "package": "CloudpaymentsNetworking",
        "repositoryURL": "https://github.com/deejayfakiofficial/CloudPaymentNetworkingIntaro.git",
        "state": {
          "branch": null,
          "revision": "a7f9f13bf886a8559ad419a13a55a055662c4d30",
          "version": "3.0.0"
        }
      }
    ]
  },
  "version": 1
}
