{
  "object": {
    "pins": [
      {
        "package": "CloudPaymentNetworkingIntaro",
        "repositoryURL": "https://github.com/deejayfakiofficial/CloudPaymentNetworkingIntaro.git",
        "state": {
          "branch": null,
          "revision": "10b2b15185b2787b0ecc493c65d8c65fdab53e68",
          "version": "1.5.1"
        }
      }
    ]
  },
  "version": 1
}
