{
  "object": {
    "pins": [
      {
        "package": "CloudpaymentsNetworking",
        "repositoryURL": "https://github.com/deejayfakiofficial/CloudPaymentNetworkingIntaro.git",
        "state": {
          "branch": null,
          "revision": "a508ebdc36fbf3afd0f07ac8dd3538b17019a1ad",
          "version": "5.0.0"
        }
      }
    ]
  },
  "version": 1
}
